
Microsoft Visual Studio Solution File, Format Version 12.00
# Visual Studio Version 17
VisualStudioVersion = 17.0.31903.59
MinimumVisualStudioVersion = 10.0.40219.1
Project("{FAE04EC0-301F-11D3-BF4B-00C04F79EFBC}") = "ProductEntities", "ProductEntities\ProductEntities.csproj", "{8878BB79-B70A-4A24-A35B-7EEB0AF69637}"
EndProject
Project("{FAE04EC0-301F-11D3-BF4B-00C04F79EFBC}") = "ProductRepositories", "ProductRepositories\ProductRepositories.csproj", "{6A0808E4-751D-421E-B518-1D914A7FBB2E}"
EndProject
Project("{FAE04EC0-301F-11D3-BF4B-00C04F79EFBC}") = "ProductServices", "ProductServices\ProductServices.csproj", "{04BAB967-A2A1-4721-A539-C3FB995C6DF5}"
EndProject
Project("{FAE04EC0-301F-11D3-BF4B-00C04F79EFBC}") = "ProductWebApi", "ProductWebApi\ProductWebApi.csproj", "{1AFC9892-7629-435D-A46F-96ACC84A361D}"
EndProject
Project("{FAE04EC0-301F-11D3-BF4B-00C04F79EFBC}") = "ProductApplication", "ProductApplication\ProductApplication.csproj", "{6EC55BA3-2AE1-47C2-8FEC-2619FA35FA0C}"
EndProject
Global
	GlobalSection(SolutionConfigurationPlatforms) = preSolution
		Debug|Any CPU = Debug|Any CPU
		Release|Any CPU = Release|Any CPU
	EndGlobalSection
	GlobalSection(SolutionProperties) = preSolution
		HideSolutionNode = FALSE
	EndGlobalSection
	GlobalSection(ProjectConfigurationPlatforms) = postSolution
		{6EC55BA3-2AE1-47C2-8FEC-2619FA35FA0C}.Debug|Any CPU.ActiveCfg = Debug|Any CPU
		{6EC55BA3-2AE1-47C2-8FEC-2619FA35FA0C}.Debug|Any CPU.Build.0 = Debug|Any CPU
		{6EC55BA3-2AE1-47C2-8FEC-2619FA35FA0C}.Release|Any CPU.ActiveCfg = Release|Any CPU
		{6EC55BA3-2AE1-47C2-8FEC-2619FA35FA0C}.Release|Any CPU.Build.0 = Release|Any CPU
		{8878BB79-B70A-4A24-A35B-7EEB0AF69637}.Debug|Any CPU.ActiveCfg = Debug|Any CPU
		{8878BB79-B70A-4A24-A35B-7EEB0AF69637}.Debug|Any CPU.Build.0 = Debug|Any CPU
		{8878BB79-B70A-4A24-A35B-7EEB0AF69637}.Release|Any CPU.ActiveCfg = Release|Any CPU
		{8878BB79-B70A-4A24-A35B-7EEB0AF69637}.Release|Any CPU.Build.0 = Release|Any CPU
		{6A0808E4-751D-421E-B518-1D914A7FBB2E}.Debug|Any CPU.ActiveCfg = Debug|Any CPU
		{6A0808E4-751D-421E-B518-1D914A7FBB2E}.Debug|Any CPU.Build.0 = Debug|Any CPU
		{6A0808E4-751D-421E-B518-1D914A7FBB2E}.Release|Any CPU.ActiveCfg = Release|Any CPU
		{6A0808E4-751D-421E-B518-1D914A7FBB2E}.Release|Any CPU.Build.0 = Release|Any CPU
		{04BAB967-A2A1-4721-A539-C3FB995C6DF5}.Debug|Any CPU.ActiveCfg = Debug|Any CPU
		{04BAB967-A2A1-4721-A539-C3FB995C6DF5}.Debug|Any CPU.Build.0 = Debug|Any CPU
		{04BAB967-A2A1-4721-A539-C3FB995C6DF5}.Release|Any CPU.ActiveCfg = Release|Any CPU
		{04BAB967-A2A1-4721-A539-C3FB995C6DF5}.Release|Any CPU.Build.0 = Release|Any CPU
		{1AFC9892-7629-435D-A46F-96ACC84A361D}.Debug|Any CPU.ActiveCfg = Debug|Any CPU
		{1AFC9892-7629-435D-A46F-96ACC84A361D}.Debug|Any CPU.Build.0 = Debug|Any CPU
		{1AFC9892-7629-435D-A46F-96ACC84A361D}.Release|Any CPU.ActiveCfg = Release|Any CPU
		{1AFC9892-7629-435D-A46F-96ACC84A361D}.Release|Any CPU.Build.0 = Release|Any CPU
	EndGlobalSection
EndGlobal
